
Microsoft Visual Studio Solution File, Format Version 12.00
# Visual Studio Version 16
VisualStudioVersion = 16.0.33423.256
MinimumVisualStudioVersion = 10.0.40219.1
Project("{9A19103F-16F7-4668-BE54-9A1E7A4F7556}") = "RestaurantSimulation_1", "RestaurantSimulation_1\RestaurantSimulation_1.csproj", "{EC618F7F-6EF9-4B92-95F5-A016FED4AD89}"
EndProject
Project("{9A19103F-16F7-4668-BE54-9A1E7A4F7556}") = "RestaurantSimulation_2", "RestauranSimulation_2\RestaurantSimulation_2.csproj", "{A1E9E0A6-60AE-40B5-8479-74DA26F0837E}"
EndProject
Project("{FAE04EC0-301F-11D3-BF4B-00C04F79EFBC}") = "RestaurantSimulation_3", "RestaurantSimulation_3\RestaurantSimulation_3.csproj", "{07BF77C8-044B-4AF1-871A-1EAA4456B1DB}"
EndProject
Global
	GlobalSection(SolutionConfigurationPlatforms) = preSolution
		Debug|Any CPU = Debug|Any CPU
		Release|Any CPU = Release|Any CPU
	EndGlobalSection
	GlobalSection(ProjectConfigurationPlatforms) = postSolution
		{EC618F7F-6EF9-4B92-95F5-A016FED4AD89}.Debug|Any CPU.ActiveCfg = Debug|Any CPU
		{EC618F7F-6EF9-4B92-95F5-A016FED4AD89}.Debug|Any CPU.Build.0 = Debug|Any CPU
		{EC618F7F-6EF9-4B92-95F5-A016FED4AD89}.Release|Any CPU.ActiveCfg = Release|Any CPU
		{EC618F7F-6EF9-4B92-95F5-A016FED4AD89}.Release|Any CPU.Build.0 = Release|Any CPU
		{A1E9E0A6-60AE-40B5-8479-74DA26F0837E}.Debug|Any CPU.ActiveCfg = Debug|Any CPU
		{A1E9E0A6-60AE-40B5-8479-74DA26F0837E}.Debug|Any CPU.Build.0 = Debug|Any CPU
		{A1E9E0A6-60AE-40B5-8479-74DA26F0837E}.Release|Any CPU.ActiveCfg = Release|Any CPU
		{A1E9E0A6-60AE-40B5-8479-74DA26F0837E}.Release|Any CPU.Build.0 = Release|Any CPU
		{07BF77C8-044B-4AF1-871A-1EAA4456B1DB}.Debug|Any CPU.ActiveCfg = Debug|Any CPU
		{07BF77C8-044B-4AF1-871A-1EAA4456B1DB}.Debug|Any CPU.Build.0 = Debug|Any CPU
		{07BF77C8-044B-4AF1-871A-1EAA4456B1DB}.Release|Any CPU.ActiveCfg = Release|Any CPU
		{07BF77C8-044B-4AF1-871A-1EAA4456B1DB}.Release|Any CPU.Build.0 = Release|Any CPU
	EndGlobalSection
	GlobalSection(SolutionProperties) = preSolution
		HideSolutionNode = FALSE
	EndGlobalSection
	GlobalSection(ExtensibilityGlobals) = postSolution
		SolutionGuid = {D2F24C19-756A-4CC1-9890-1F95240508E9}
	EndGlobalSection
EndGlobal
